
Microsoft Visual Studio Solution File, Format Version 12.00
# Visual Studio Version 17
VisualStudioVersion = 17.0.32112.339
MinimumVisualStudioVersion = 10.0.40219.1
Project("{9A19103F-16F7-4668-BE54-9A1E7A4F7556}") = "Test", "Test\Test.csproj", "{32258D03-0A5B-4928-AD1F-33F9019AFBCE}"
EndProject
Project("{9A19103F-16F7-4668-BE54-9A1E7A4F7556}") = "PoorMansNet6", "PoorMansNet6\PoorMansNet6.csproj", "{D45874A8-35A5-45F0-95A7-02A114275C99}"
EndProject
Project("{9A19103F-16F7-4668-BE54-9A1E7A4F7556}") = "PoorMansNet6Easy", "PoorMansNet6Simple\PoorMansNet6Easy.csproj", "{012CF91A-398D-4FEB-9D66-0FFFF5AD79C8}"
EndProject
Global
	GlobalSection(SolutionConfigurationPlatforms) = preSolution
		Debug|Any CPU = Debug|Any CPU
		Release|Any CPU = Release|Any CPU
	EndGlobalSection
	GlobalSection(ProjectConfigurationPlatforms) = postSolution
		{32258D03-0A5B-4928-AD1F-33F9019AFBCE}.Debug|Any CPU.ActiveCfg = Debug|Any CPU
		{32258D03-0A5B-4928-AD1F-33F9019AFBCE}.Debug|Any CPU.Build.0 = Debug|Any CPU
		{32258D03-0A5B-4928-AD1F-33F9019AFBCE}.Release|Any CPU.ActiveCfg = Release|Any CPU
		{32258D03-0A5B-4928-AD1F-33F9019AFBCE}.Release|Any CPU.Build.0 = Release|Any CPU
		{D45874A8-35A5-45F0-95A7-02A114275C99}.Debug|Any CPU.ActiveCfg = Debug|Any CPU
		{D45874A8-35A5-45F0-95A7-02A114275C99}.Debug|Any CPU.Build.0 = Debug|Any CPU
		{D45874A8-35A5-45F0-95A7-02A114275C99}.Release|Any CPU.ActiveCfg = Release|Any CPU
		{D45874A8-35A5-45F0-95A7-02A114275C99}.Release|Any CPU.Build.0 = Release|Any CPU
		{012CF91A-398D-4FEB-9D66-0FFFF5AD79C8}.Debug|Any CPU.ActiveCfg = Debug|Any CPU
		{012CF91A-398D-4FEB-9D66-0FFFF5AD79C8}.Debug|Any CPU.Build.0 = Debug|Any CPU
		{012CF91A-398D-4FEB-9D66-0FFFF5AD79C8}.Release|Any CPU.ActiveCfg = Release|Any CPU
		{012CF91A-398D-4FEB-9D66-0FFFF5AD79C8}.Release|Any CPU.Build.0 = Release|Any CPU
	EndGlobalSection
	GlobalSection(SolutionProperties) = preSolution
		HideSolutionNode = FALSE
	EndGlobalSection
	GlobalSection(ExtensibilityGlobals) = postSolution
		SolutionGuid = {5D9AEFDF-CB69-4ED6-8493-9B122A51242D}
	EndGlobalSection
EndGlobal
